
Microsoft Visual Studio Solution File, Format Version 12.00
# Visual Studio Version 17
VisualStudioVersion = 17.10.34916.146
MinimumVisualStudioVersion = 10.0.40219.1
Project("{9A19103F-16F7-4668-BE54-9A1E7A4F7556}") = "umatiGateway", "umatiGateway\umatiGateway.csproj", "{CB8A1238-6E85-4F08-8B8D-540878FC8AE5}"
EndProject
Global
	GlobalSection(SolutionConfigurationPlatforms) = preSolution
		Debug|Any CPU = Debug|Any CPU
		Release|Any CPU = Release|Any CPU
	EndGlobalSection
	GlobalSection(ProjectConfigurationPlatforms) = postSolution
		{CB8A1238-6E85-4F08-8B8D-540878FC8AE5}.Debug|Any CPU.ActiveCfg = Debug|Any CPU
		{CB8A1238-6E85-4F08-8B8D-540878FC8AE5}.Debug|Any CPU.Build.0 = Debug|Any CPU
		{CB8A1238-6E85-4F08-8B8D-540878FC8AE5}.Release|Any CPU.ActiveCfg = Release|Any CPU
		{CB8A1238-6E85-4F08-8B8D-540878FC8AE5}.Release|Any CPU.Build.0 = Release|Any CPU
	EndGlobalSection
	GlobalSection(SolutionProperties) = preSolution
		HideSolutionNode = FALSE
	EndGlobalSection
	GlobalSection(ExtensibilityGlobals) = postSolution
		SolutionGuid = {6A56442A-3D0E-477A-99B4-D20ED92CDAD7}
	EndGlobalSection
EndGlobal
